{
  "name": "@akiver/boiler-writter",
  "version": "1.4.0",
  "lockfileVersion": 3,
  "requires": true,
  "packages": {
    "": {
      "name": "@akiver/boiler-writter",
      "version": "1.4.0",
      "cpu": [
        "x64",
        "arm64"
      ],
      "license": "GPL-3.0",
      "os": [
        "darwin",
        "linux",
        "win32"
      ]
    }
  }
}
